
Microsoft Visual Studio Solution File, Format Version 12.00
# Visual Studio Version 17
VisualStudioVersion = 17.8.34511.84
MinimumVisualStudioVersion = 10.0.40219.1
Project("{FAE04EC0-301F-11D3-BF4B-00C04F79EFBC}") = "dp.Algorithms", "dp.Algorithms\dp.Algorithms.csproj", "{6E21E81D-605B-40FC-9CE9-00E4722AC07C}"
EndProject
Project("{FAE04EC0-301F-11D3-BF4B-00C04F79EFBC}") = "dp.Algorithms.Tests", "dp.Algorithms.Tests\dp.Algorithms.Tests.csproj", "{A9F002C8-B282-448E-8C87-90924AE43D6D}"
EndProject
Global
	GlobalSection(SolutionConfigurationPlatforms) = preSolution
		Debug|Any CPU = Debug|Any CPU
		Release|Any CPU = Release|Any CPU
	EndGlobalSection
	GlobalSection(ProjectConfigurationPlatforms) = postSolution
		{6E21E81D-605B-40FC-9CE9-00E4722AC07C}.Debug|Any CPU.ActiveCfg = Debug|Any CPU
		{6E21E81D-605B-40FC-9CE9-00E4722AC07C}.Debug|Any CPU.Build.0 = Debug|Any CPU
		{6E21E81D-605B-40FC-9CE9-00E4722AC07C}.Release|Any CPU.ActiveCfg = Release|Any CPU
		{6E21E81D-605B-40FC-9CE9-00E4722AC07C}.Release|Any CPU.Build.0 = Release|Any CPU
		{A9F002C8-B282-448E-8C87-90924AE43D6D}.Debug|Any CPU.ActiveCfg = Debug|Any CPU
		{A9F002C8-B282-448E-8C87-90924AE43D6D}.Debug|Any CPU.Build.0 = Debug|Any CPU
		{A9F002C8-B282-448E-8C87-90924AE43D6D}.Release|Any CPU.ActiveCfg = Release|Any CPU
		{A9F002C8-B282-448E-8C87-90924AE43D6D}.Release|Any CPU.Build.0 = Release|Any CPU
	EndGlobalSection
	GlobalSection(SolutionProperties) = preSolution
		HideSolutionNode = FALSE
	EndGlobalSection
	GlobalSection(ExtensibilityGlobals) = postSolution
		SolutionGuid = {C3B445A0-925C-4E69-8785-758200342150}
	EndGlobalSection
EndGlobal
